
Microsoft Visual Studio Solution File, Format Version 12.00
# Visual Studio 14
VisualStudioVersion = 14.0.25420.1
MinimumVisualStudioVersion = 10.0.40219.1
Project("{FAE04EC0-301F-11D3-BF4B-00C04F79EFBC}") = "xamarinformsdemo.Droid", "xamarinformsdemo\xamarinformsdemo.Droid\xamarinformsdemo.Droid.csproj", "{FFA51C1A-2ADE-4926-9DB2-2DB4FE0F84FD}"
EndProject
Project("{FAE04EC0-301F-11D3-BF4B-00C04F79EFBC}") = "xamarinformsdemo.iOS", "xamarinformsdemo\xamarinformsdemo.iOS\xamarinformsdemo.iOS.csproj", "{38400DF1-8AC3-4C8D-BF86-379348F289A4}"
EndProject
Project("{FAE04EC0-301F-11D3-BF4B-00C04F79EFBC}") = "xamarinformsdemo.WinPhone", "xamarinformsdemo\xamarinformsdemo.WinPhone\xamarinformsdemo.WinPhone.csproj", "{A249EEE8-4A9D-4E70-9E18-1D7D96087EEA}"
EndProject
Project("{FAE04EC0-301F-11D3-BF4B-00C04F79EFBC}") = "xamarinformsdemo.UWP", "xamarinformsdemo\xamarinformsdemo.UWP\xamarinformsdemo.UWP.csproj", "{0A9AB26B-4F9A-407F-A528-E9199834CF97}"
EndProject
Project("{FAE04EC0-301F-11D3-BF4B-00C04F79EFBC}") = "xamarinformsdemo.Windows", "xamarinformsdemo\xamarinformsdemo.Windows\xamarinformsdemo.Windows.csproj", "{F1F1A533-C687-4BC8-AA94-CC1CE925E402}"
EndProject
Project("{FAE04EC0-301F-11D3-BF4B-00C04F79EFBC}") = "xamarinformsdemo", "xamarinformsdemo\xamarinformsdemo\xamarinformsdemo.csproj", "{D7BA0217-4804-40B5-89FE-7BCED0CABF2B}"
EndProject
Global
	GlobalSection(SolutionConfigurationPlatforms) = preSolution
		Ad-Hoc|Any CPU = Ad-Hoc|Any CPU
		Ad-Hoc|ARM = Ad-Hoc|ARM
		Ad-Hoc|iPhone = Ad-Hoc|iPhone
		Ad-Hoc|iPhoneSimulator = Ad-Hoc|iPhoneSimulator
		Ad-Hoc|x64 = Ad-Hoc|x64
		Ad-Hoc|x86 = Ad-Hoc|x86
		AppStore|Any CPU = AppStore|Any CPU
		AppStore|ARM = AppStore|ARM
		AppStore|iPhone = AppStore|iPhone
		AppStore|iPhoneSimulator = AppStore|iPhoneSimulator
		AppStore|x64 = AppStore|x64
		AppStore|x86 = AppStore|x86
		Debug|Any CPU = Debug|Any CPU
		Debug|ARM = Debug|ARM
		Debug|iPhone = Debug|iPhone
		Debug|iPhoneSimulator = Debug|iPhoneSimulator
		Debug|x64 = Debug|x64
		Debug|x86 = Debug|x86
		Release|Any CPU = Release|Any CPU
		Release|ARM = Release|ARM
		Release|iPhone = Release|iPhone
		Release|iPhoneSimulator = Release|iPhoneSimulator
		Release|x64 = Release|x64
		Release|x86 = Release|x86
	EndGlobalSection
	GlobalSection(ProjectConfigurationPlatforms) = postSolution
		{FFA51C1A-2ADE-4926-9DB2-2DB4FE0F84FD}.Ad-Hoc|Any CPU.ActiveCfg = Release|Any CPU
		{FFA51C1A-2ADE-4926-9DB2-2DB4FE0F84FD}.Ad-Hoc|Any CPU.Build.0 = Release|Any CPU
		{FFA51C1A-2ADE-4926-9DB2-2DB4FE0F84FD}.Ad-Hoc|Any CPU.Deploy.0 = Release|Any CPU
		{FFA51C1A-2ADE-4926-9DB2-2DB4FE0F84FD}.Ad-Hoc|ARM.ActiveCfg = Release|Any CPU
		{FFA51C1A-2ADE-4926-9DB2-2DB4FE0F84FD}.Ad-Hoc|ARM.Build.0 = Release|Any CPU
		{FFA51C1A-2ADE-4926-9DB2-2DB4FE0F84FD}.Ad-Hoc|ARM.Deploy.0 = Release|Any CPU
		{FFA51C1A-2ADE-4926-9DB2-2DB4FE0F84FD}.Ad-Hoc|iPhone.ActiveCfg = Release|Any CPU
		{FFA51C1A-2ADE-4926-9DB2-2DB4FE0F84FD}.Ad-Hoc|iPhone.Build.0 = Release|Any CPU
		{FFA51C1A-2ADE-4926-9DB2-2DB4FE0F84FD}.Ad-Hoc|iPhone.Deploy.0 = Release|Any CPU
		{FFA51C1A-2ADE-4926-9DB2-2DB4FE0F84FD}.Ad-Hoc|iPhoneSimulator.ActiveCfg = Release|Any CPU
		{FFA51C1A-2ADE-4926-9DB2-2DB4FE0F84FD}.Ad-Hoc|iPhoneSimulator.Build.0 = Release|Any CPU
		{FFA51C1A-2ADE-4926-9DB2-2DB4FE0F84FD}.Ad-Hoc|iPhoneSimulator.Deploy.0 = Release|Any CPU
		{FFA51C1A-2ADE-4926-9DB2-2DB4FE0F84FD}.Ad-Hoc|x64.ActiveCfg = Release|Any CPU
		{FFA51C1A-2ADE-4926-9DB2-2DB4FE0F84FD}.Ad-Hoc|x64.Build.0 = Release|Any CPU
		{FFA51C1A-2ADE-4926-9DB2-2DB4FE0F84FD}.Ad-Hoc|x64.Deploy.0 = Release|Any CPU
		{FFA51C1A-2ADE-4926-9DB2-2DB4FE0F84FD}.Ad-Hoc|x86.ActiveCfg = Release|Any CPU
		{FFA51C1A-2ADE-4926-9DB2-2DB4FE0F84FD}.Ad-Hoc|x86.Build.0 = Release|Any CPU
		{FFA51C1A-2ADE-4926-9DB2-2DB4FE0F84FD}.Ad-Hoc|x86.Deploy.0 = Release|Any CPU
		{FFA51C1A-2ADE-4926-9DB2-2DB4FE0F84FD}.AppStore|Any CPU.ActiveCfg = Release|Any CPU
		{FFA51C1A-2ADE-4926-9DB2-2DB4FE0F84FD}.AppStore|Any CPU.Build.0 = Release|Any CPU
		{FFA51C1A-2ADE-4926-9DB2-2DB4FE0F84FD}.AppStore|Any CPU.Deploy.0 = Release|Any CPU
		{FFA51C1A-2ADE-4926-9DB2-2DB4FE0F84FD}.AppStore|ARM.ActiveCfg = Release|Any CPU
		{FFA51C1A-2ADE-4926-9DB2-2DB4FE0F84FD}.AppStore|ARM.Build.0 = Release|Any CPU
		{FFA51C1A-2ADE-4926-9DB2-2DB4FE0F84FD}.AppStore|ARM.Deploy.0 = Release|Any CPU
		{FFA51C1A-2ADE-4926-9DB2-2DB4FE0F84FD}.AppStore|iPhone.ActiveCfg = Release|Any CPU
		{FFA51C1A-2ADE-4926-9DB2-2DB4FE0F84FD}.AppStore|iPhone.Build.0 = Release|Any CPU
		{FFA51C1A-2ADE-4926-9DB2-2DB4FE0F84FD}.AppStore|iPhone.Deploy.0 = Release|Any CPU
		{FFA51C1A-2ADE-4926-9DB2-2DB4FE0F84FD}.AppStore|iPhoneSimulator.ActiveCfg = Release|Any CPU
		{FFA51C1A-2ADE-4926-9DB2-2DB4FE0F84FD}.AppStore|iPhoneSimulator.Build.0 = Release|Any CPU
		{FFA51C1A-2ADE-4926-9DB2-2DB4FE0F84FD}.AppStore|iPhoneSimulator.Deploy.0 = Release|Any CPU
		{FFA51C1A-2ADE-4926-9DB2-2DB4FE0F84FD}.AppStore|x64.ActiveCfg = Release|Any CPU
		{FFA51C1A-2ADE-4926-9DB2-2DB4FE0F84FD}.AppStore|x64.Build.0 = Release|Any CPU
		{FFA51C1A-2ADE-4926-9DB2-2DB4FE0F84FD}.AppStore|x64.Deploy.0 = Release|Any CPU
		{FFA51C1A-2ADE-4926-9DB2-2DB4FE0F84FD}.AppStore|x86.ActiveCfg = Release|Any CPU
		{FFA51C1A-2ADE-4926-9DB2-2DB4FE0F84FD}.AppStore|x86.Build.0 = Release|Any CPU
		{FFA51C1A-2ADE-4926-9DB2-2DB4FE0F84FD}.AppStore|x86.Deploy.0 = Release|Any CPU
		{FFA51C1A-2ADE-4926-9DB2-2DB4FE0F84FD}.Debug|Any CPU.ActiveCfg = Debug|Any CPU
		{FFA51C1A-2ADE-4926-9DB2-2DB4FE0F84FD}.Debug|Any CPU.Build.0 = Debug|Any CPU
		{FFA51C1A-2ADE-4926-9DB2-2DB4FE0F84FD}.Debug|Any CPU.Deploy.0 = Debug|Any CPU
		{FFA51C1A-2ADE-4926-9DB2-2DB4FE0F84FD}.Debug|ARM.ActiveCfg = Debug|Any CPU
		{FFA51C1A-2ADE-4926-9DB2-2DB4FE0F84FD}.Debug|ARM.Build.0 = Debug|Any CPU
		{FFA51C1A-2ADE-4926-9DB2-2DB4FE0F84FD}.Debug|ARM.Deploy.0 = Debug|Any CPU
		{FFA51C1A-2ADE-4926-9DB2-2DB4FE0F84FD}.Debug|iPhone.ActiveCfg = Debug|Any CPU
		{FFA51C1A-2ADE-4926-9DB2-2DB4FE0F84FD}.Debug|iPhone.Build.0 = Debug|Any CPU
		{FFA51C1A-2ADE-4926-9DB2-2DB4FE0F84FD}.Debug|iPhone.Deploy.0 = Debug|Any CPU
		{FFA51C1A-2ADE-4926-9DB2-2DB4FE0F84FD}.Debug|iPhoneSimulator.ActiveCfg = Debug|Any CPU
		{FFA51C1A-2ADE-4926-9DB2-2DB4FE0F84FD}.Debug|iPhoneSimulator.Build.0 = Debug|Any CPU
		{FFA51C1A-2ADE-4926-9DB2-2DB4FE0F84FD}.Debug|iPhoneSimulator.Deploy.0 = Debug|Any CPU
		{FFA51C1A-2ADE-4926-9DB2-2DB4FE0F84FD}.Debug|x64.ActiveCfg = Debug|Any CPU
		{FFA51C1A-2ADE-4926-9DB2-2DB4FE0F84FD}.Debug|x64.Build.0 = Debug|Any CPU
		{FFA51C1A-2ADE-4926-9DB2-2DB4FE0F84FD}.Debug|x64.Deploy.0 = Debug|Any CPU
		{FFA51C1A-2ADE-4926-9DB2-2DB4FE0F84FD}.Debug|x86.ActiveCfg = Debug|Any CPU
		{FFA51C1A-2ADE-4926-9DB2-2DB4FE0F84FD}.Debug|x86.Build.0 = Debug|Any CPU
		{FFA51C1A-2ADE-4926-9DB2-2DB4FE0F84FD}.Debug|x86.Deploy.0 = Debug|Any CPU
		{FFA51C1A-2ADE-4926-9DB2-2DB4FE0F84FD}.Release|Any CPU.ActiveCfg = Release|Any CPU
		{FFA51C1A-2ADE-4926-9DB2-2DB4FE0F84FD}.Release|Any CPU.Build.0 = Release|Any CPU
		{FFA51C1A-2ADE-4926-9DB2-2DB4FE0F84FD}.Release|Any CPU.Deploy.0 = Release|Any CPU
		{FFA51C1A-2ADE-4926-9DB2-2DB4FE0F84FD}.Release|ARM.ActiveCfg = Release|Any CPU
		{FFA51C1A-2ADE-4926-9DB2-2DB4FE0F84FD}.Release|ARM.Build.0 = Release|Any CPU
		{FFA51C1A-2ADE-4926-9DB2-2DB4FE0F84FD}.Release|ARM.Deploy.0 = Release|Any CPU
		{FFA51C1A-2ADE-4926-9DB2-2DB4FE0F84FD}.Release|iPhone.ActiveCfg = Release|Any CPU
		{FFA51C1A-2ADE-4926-9DB2-2DB4FE0F84FD}.Release|iPhone.Build.0 = Release|Any CPU
		{FFA51C1A-2ADE-4926-9DB2-2DB4FE0F84FD}.Release|iPhone.Deploy.0 = Release|Any CPU
		{FFA51C1A-2ADE-4926-9DB2-2DB4FE0F84FD}.Release|iPhoneSimulator.ActiveCfg = Release|Any CPU
		{FFA51C1A-2ADE-4926-9DB2-2DB4FE0F84FD}.Release|iPhoneSimulator.Build.0 = Release|Any CPU
		{FFA51C1A-2ADE-4926-9DB2-2DB4FE0F84FD}.Release|iPhoneSimulator.Deploy.0 = Release|Any CPU
		{FFA51C1A-2ADE-4926-9DB2-2DB4FE0F84FD}.Release|x64.ActiveCfg = Release|Any CPU
		{FFA51C1A-2ADE-4926-9DB2-2DB4FE0F84FD}.Release|x64.Build.0 = Release|Any CPU
		{FFA51C1A-2ADE-4926-9DB2-2DB4FE0F84FD}.Release|x64.Deploy.0 = Release|Any CPU
		{FFA51C1A-2ADE-4926-9DB2-2DB4FE0F84FD}.Release|x86.ActiveCfg = Release|Any CPU
		{FFA51C1A-2ADE-4926-9DB2-2DB4FE0F84FD}.Release|x86.Build.0 = Release|Any CPU
		{FFA51C1A-2ADE-4926-9DB2-2DB4FE0F84FD}.Release|x86.Deploy.0 = Release|Any CPU
		{38400DF1-8AC3-4C8D-BF86-379348F289A4}.Ad-Hoc|Any CPU.ActiveCfg = Ad-Hoc|iPhone
		{38400DF1-8AC3-4C8D-BF86-379348F289A4}.Ad-Hoc|ARM.ActiveCfg = Ad-Hoc|iPhone
		{38400DF1-8AC3-4C8D-BF86-379348F289A4}.Ad-Hoc|iPhone.ActiveCfg = Ad-Hoc|iPhone
		{38400DF1-8AC3-4C8D-BF86-379348F289A4}.Ad-Hoc|iPhone.Build.0 = Ad-Hoc|iPhone
		{38400DF1-8AC3-4C8D-BF86-379348F289A4}.Ad-Hoc|iPhoneSimulator.ActiveCfg = Ad-Hoc|iPhoneSimulator
		{38400DF1-8AC3-4C8D-BF86-379348F289A4}.Ad-Hoc|iPhoneSimulator.Build.0 = Ad-Hoc|iPhoneSimulator
		{38400DF1-8AC3-4C8D-BF86-379348F289A4}.Ad-Hoc|x64.ActiveCfg = Ad-Hoc|iPhone
		{38400DF1-8AC3-4C8D-BF86-379348F289A4}.Ad-Hoc|x86.ActiveCfg = Ad-Hoc|iPhone
		{38400DF1-8AC3-4C8D-BF86-379348F289A4}.AppStore|Any CPU.ActiveCfg = AppStore|iPhone
		{38400DF1-8AC3-4C8D-BF86-379348F289A4}.AppStore|ARM.ActiveCfg = AppStore|iPhone
		{38400DF1-8AC3-4C8D-BF86-379348F289A4}.AppStore|iPhone.ActiveCfg = AppStore|iPhone
		{38400DF1-8AC3-4C8D-BF86-379348F289A4}.AppStore|iPhone.Build.0 = AppStore|iPhone
		{38400DF1-8AC3-4C8D-BF86-379348F289A4}.AppStore|iPhoneSimulator.ActiveCfg = AppStore|iPhoneSimulator
		{38400DF1-8AC3-4C8D-BF86-379348F289A4}.AppStore|iPhoneSimulator.Build.0 = AppStore|iPhoneSimulator
		{38400DF1-8AC3-4C8D-BF86-379348F289A4}.AppStore|x64.ActiveCfg = AppStore|iPhone
		{38400DF1-8AC3-4C8D-BF86-379348F289A4}.AppStore|x86.ActiveCfg = AppStore|iPhone
		{38400DF1-8AC3-4C8D-BF86-379348F289A4}.Debug|Any CPU.ActiveCfg = Debug|iPhone
		{38400DF1-8AC3-4C8D-BF86-379348F289A4}.Debug|ARM.ActiveCfg = Debug|iPhone
		{38400DF1-8AC3-4C8D-BF86-379348F289A4}.Debug|iPhone.ActiveCfg = Debug|iPhone
		{38400DF1-8AC3-4C8D-BF86-379348F289A4}.Debug|iPhone.Build.0 = Debug|iPhone
		{38400DF1-8AC3-4C8D-BF86-379348F289A4}.Debug|iPhoneSimulator.ActiveCfg = Debug|iPhoneSimulator
		{38400DF1-8AC3-4C8D-BF86-379348F289A4}.Debug|iPhoneSimulator.Build.0 = Debug|iPhoneSimulator
		{38400DF1-8AC3-4C8D-BF86-379348F289A4}.Debug|x64.ActiveCfg = Debug|iPhone
		{38400DF1-8AC3-4C8D-BF86-379348F289A4}.Debug|x86.ActiveCfg = Debug|iPhone
		{38400DF1-8AC3-4C8D-BF86-379348F289A4}.Release|Any CPU.ActiveCfg = Release|iPhone
		{38400DF1-8AC3-4C8D-BF86-379348F289A4}.Release|ARM.ActiveCfg = Release|iPhone
		{38400DF1-8AC3-4C8D-BF86-379348F289A4}.Release|iPhone.ActiveCfg = Release|iPhone
		{38400DF1-8AC3-4C8D-BF86-379348F289A4}.Release|iPhone.Build.0 = Release|iPhone
		{38400DF1-8AC3-4C8D-BF86-379348F289A4}.Release|iPhoneSimulator.ActiveCfg = Release|iPhoneSimulator
		{38400DF1-8AC3-4C8D-BF86-379348F289A4}.Release|iPhoneSimulator.Build.0 = Release|iPhoneSimulator
		{38400DF1-8AC3-4C8D-BF86-379348F289A4}.Release|x64.ActiveCfg = Release|iPhone
		{38400DF1-8AC3-4C8D-BF86-379348F289A4}.Release|x86.ActiveCfg = Release|iPhone
		{A249EEE8-4A9D-4E70-9E18-1D7D96087EEA}.Ad-Hoc|Any CPU.ActiveCfg = Release|Any CPU
		{A249EEE8-4A9D-4E70-9E18-1D7D96087EEA}.Ad-Hoc|Any CPU.Build.0 = Release|Any CPU
		{A249EEE8-4A9D-4E70-9E18-1D7D96087EEA}.Ad-Hoc|Any CPU.Deploy.0 = Release|Any CPU
		{A249EEE8-4A9D-4E70-9E18-1D7D96087EEA}.Ad-Hoc|ARM.ActiveCfg = Release|ARM
		{A249EEE8-4A9D-4E70-9E18-1D7D96087EEA}.Ad-Hoc|ARM.Build.0 = Release|ARM
		{A249EEE8-4A9D-4E70-9E18-1D7D96087EEA}.Ad-Hoc|ARM.Deploy.0 = Release|ARM
		{A249EEE8-4A9D-4E70-9E18-1D7D96087EEA}.Ad-Hoc|iPhone.ActiveCfg = Release|Any CPU
		{A249EEE8-4A9D-4E70-9E18-1D7D96087EEA}.Ad-Hoc|iPhone.Build.0 = Release|Any CPU
		{A249EEE8-4A9D-4E70-9E18-1D7D96087EEA}.Ad-Hoc|iPhone.Deploy.0 = Release|Any CPU
		{A249EEE8-4A9D-4E70-9E18-1D7D96087EEA}.Ad-Hoc|iPhoneSimulator.ActiveCfg = Release|Any CPU
		{A249EEE8-4A9D-4E70-9E18-1D7D96087EEA}.Ad-Hoc|iPhoneSimulator.Build.0 = Release|Any CPU
		{A249EEE8-4A9D-4E70-9E18-1D7D96087EEA}.Ad-Hoc|iPhoneSimulator.Deploy.0 = Release|Any CPU
		{A249EEE8-4A9D-4E70-9E18-1D7D96087EEA}.Ad-Hoc|x64.ActiveCfg = Release|Any CPU
		{A249EEE8-4A9D-4E70-9E18-1D7D96087EEA}.Ad-Hoc|x64.Build.0 = Release|Any CPU
		{A249EEE8-4A9D-4E70-9E18-1D7D96087EEA}.Ad-Hoc|x64.Deploy.0 = Release|Any CPU
		{A249EEE8-4A9D-4E70-9E18-1D7D96087EEA}.Ad-Hoc|x86.ActiveCfg = Release|x86
		{A249EEE8-4A9D-4E70-9E18-1D7D96087EEA}.Ad-Hoc|x86.Build.0 = Release|x86
		{A249EEE8-4A9D-4E70-9E18-1D7D96087EEA}.Ad-Hoc|x86.Deploy.0 = Release|x86
		{A249EEE8-4A9D-4E70-9E18-1D7D96087EEA}.AppStore|Any CPU.ActiveCfg = Release|Any CPU
		{A249EEE8-4A9D-4E70-9E18-1D7D96087EEA}.AppStore|Any CPU.Build.0 = Release|Any CPU
		{A249EEE8-4A9D-4E70-9E18-1D7D96087EEA}.AppStore|Any CPU.Deploy.0 = Release|Any CPU
		{A249EEE8-4A9D-4E70-9E18-1D7D96087EEA}.AppStore|ARM.ActiveCfg = Release|ARM
		{A249EEE8-4A9D-4E70-9E18-1D7D96087EEA}.AppStore|ARM.Build.0 = Release|ARM
		{A249EEE8-4A9D-4E70-9E18-1D7D96087EEA}.AppStore|ARM.Deploy.0 = Release|ARM
		{A249EEE8-4A9D-4E70-9E18-1D7D96087EEA}.AppStore|iPhone.ActiveCfg = Release|Any CPU
		{A249EEE8-4A9D-4E70-9E18-1D7D96087EEA}.AppStore|iPhone.Build.0 = Release|Any CPU
		{A249EEE8-4A9D-4E70-9E18-1D7D96087EEA}.AppStore|iPhone.Deploy.0 = Release|Any CPU
		{A249EEE8-4A9D-4E70-9E18-1D7D96087EEA}.AppStore|iPhoneSimulator.ActiveCfg = Release|Any CPU
		{A249EEE8-4A9D-4E70-9E18-1D7D96087EEA}.AppStore|iPhoneSimulator.Build.0 = Release|Any CPU
		{A249EEE8-4A9D-4E70-9E18-1D7D96087EEA}.AppStore|iPhoneSimulator.Deploy.0 = Release|Any CPU
		{A249EEE8-4A9D-4E70-9E18-1D7D96087EEA}.AppStore|x64.ActiveCfg = Release|Any CPU
		{A249EEE8-4A9D-4E70-9E18-1D7D96087EEA}.AppStore|x64.Build.0 = Release|Any CPU
		{A249EEE8-4A9D-4E70-9E18-1D7D96087EEA}.AppStore|x64.Deploy.0 = Release|Any CPU
		{A249EEE8-4A9D-4E70-9E18-1D7D96087EEA}.AppStore|x86.ActiveCfg = Release|x86
		{A249EEE8-4A9D-4E70-9E18-1D7D96087EEA}.AppStore|x86.Build.0 = Release|x86
		{A249EEE8-4A9D-4E70-9E18-1D7D96087EEA}.AppStore|x86.Deploy.0 = Release|x86
		{A249EEE8-4A9D-4E70-9E18-1D7D96087EEA}.Debug|Any CPU.ActiveCfg = Debug|Any CPU
		{A249EEE8-4A9D-4E70-9E18-1D7D96087EEA}.Debug|Any CPU.Build.0 = Debug|Any CPU
		{A249EEE8-4A9D-4E70-9E18-1D7D96087EEA}.Debug|Any CPU.Deploy.0 = Debug|Any CPU
		{A249EEE8-4A9D-4E70-9E18-1D7D96087EEA}.Debug|ARM.ActiveCfg = Debug|ARM
		{A249EEE8-4A9D-4E70-9E18-1D7D96087EEA}.Debug|ARM.Build.0 = Debug|ARM
		{A249EEE8-4A9D-4E70-9E18-1D7D96087EEA}.Debug|ARM.Deploy.0 = Debug|ARM
		{A249EEE8-4A9D-4E70-9E18-1D7D96087EEA}.Debug|iPhone.ActiveCfg = Debug|Any CPU
		{A249EEE8-4A9D-4E70-9E18-1D7D96087EEA}.Debug|iPhone.Build.0 = Debug|Any CPU
		{A249EEE8-4A9D-4E70-9E18-1D7D96087EEA}.Debug|iPhone.Deploy.0 = Debug|Any CPU
		{A249EEE8-4A9D-4E70-9E18-1D7D96087EEA}.Debug|iPhoneSimulator.ActiveCfg = Debug|Any CPU
		{A249EEE8-4A9D-4E70-9E18-1D7D96087EEA}.Debug|iPhoneSimulator.Build.0 = Debug|Any CPU
		{A249EEE8-4A9D-4E70-9E18-1D7D96087EEA}.Debug|iPhoneSimulator.Deploy.0 = Debug|Any CPU
		{A249EEE8-4A9D-4E70-9E18-1D7D96087EEA}.Debug|x64.ActiveCfg = Debug|Any CPU
		{A249EEE8-4A9D-4E70-9E18-1D7D96087EEA}.Debug|x64.Build.0 = Debug|Any CPU
		{A249EEE8-4A9D-4E70-9E18-1D7D96087EEA}.Debug|x64.Deploy.0 = Debug|Any CPU
		{A249EEE8-4A9D-4E70-9E18-1D7D96087EEA}.Debug|x86.ActiveCfg = Debug|x86
		{A249EEE8-4A9D-4E70-9E18-1D7D96087EEA}.Debug|x86.Build.0 = Debug|x86
		{A249EEE8-4A9D-4E70-9E18-1D7D96087EEA}.Debug|x86.Deploy.0 = Debug|x86
		{A249EEE8-4A9D-4E70-9E18-1D7D96087EEA}.Release|Any CPU.ActiveCfg = Release|Any CPU
		{A249EEE8-4A9D-4E70-9E18-1D7D96087EEA}.Release|Any CPU.Build.0 = Release|Any CPU
		{A249EEE8-4A9D-4E70-9E18-1D7D96087EEA}.Release|Any CPU.Deploy.0 = Release|Any CPU
		{A249EEE8-4A9D-4E70-9E18-1D7D96087EEA}.Release|ARM.ActiveCfg = Release|ARM
		{A249EEE8-4A9D-4E70-9E18-1D7D96087EEA}.Release|ARM.Build.0 = Release|ARM
		{A249EEE8-4A9D-4E70-9E18-1D7D96087EEA}.Release|ARM.Deploy.0 = Release|ARM
		{A249EEE8-4A9D-4E70-9E18-1D7D96087EEA}.Release|iPhone.ActiveCfg = Release|Any CPU
		{A249EEE8-4A9D-4E70-9E18-1D7D96087EEA}.Release|iPhone.Build.0 = Release|Any CPU
		{A249EEE8-4A9D-4E70-9E18-1D7D96087EEA}.Release|iPhone.Deploy.0 = Release|Any CPU
		{A249EEE8-4A9D-4E70-9E18-1D7D96087EEA}.Release|iPhoneSimulator.ActiveCfg = Release|Any CPU
		{A249EEE8-4A9D-4E70-9E18-1D7D96087EEA}.Release|iPhoneSimulator.Build.0 = Release|Any CPU
		{A249EEE8-4A9D-4E70-9E18-1D7D96087EEA}.Release|iPhoneSimulator.Deploy.0 = Release|Any CPU
		{A249EEE8-4A9D-4E70-9E18-1D7D96087EEA}.Release|x64.ActiveCfg = Release|Any CPU
		{A249EEE8-4A9D-4E70-9E18-1D7D96087EEA}.Release|x64.Build.0 = Release|Any CPU
		{A249EEE8-4A9D-4E70-9E18-1D7D96087EEA}.Release|x64.Deploy.0 = Release|Any CPU
		{A249EEE8-4A9D-4E70-9E18-1D7D96087EEA}.Release|x86.ActiveCfg = Release|x86
		{A249EEE8-4A9D-4E70-9E18-1D7D96087EEA}.Release|x86.Build.0 = Release|x86
		{A249EEE8-4A9D-4E70-9E18-1D7D96087EEA}.Release|x86.Deploy.0 = Release|x86
		{0A9AB26B-4F9A-407F-A528-E9199834CF97}.Ad-Hoc|Any CPU.ActiveCfg = Release|x86
		{0A9AB26B-4F9A-407F-A528-E9199834CF97}.Ad-Hoc|Any CPU.Build.0 = Release|x86
		{0A9AB26B-4F9A-407F-A528-E9199834CF97}.Ad-Hoc|Any CPU.Deploy.0 = Release|x86
		{0A9AB26B-4F9A-407F-A528-E9199834CF97}.Ad-Hoc|ARM.ActiveCfg = Release|ARM
		{0A9AB26B-4F9A-407F-A528-E9199834CF97}.Ad-Hoc|ARM.Build.0 = Release|ARM
		{0A9AB26B-4F9A-407F-A528-E9199834CF97}.Ad-Hoc|ARM.Deploy.0 = Release|ARM
		{0A9AB26B-4F9A-407F-A528-E9199834CF97}.Ad-Hoc|iPhone.ActiveCfg = Release|x86
		{0A9AB26B-4F9A-407F-A528-E9199834CF97}.Ad-Hoc|iPhone.Build.0 = Release|x86
		{0A9AB26B-4F9A-407F-A528-E9199834CF97}.Ad-Hoc|iPhone.Deploy.0 = Release|x86
		{0A9AB26B-4F9A-407F-A528-E9199834CF97}.Ad-Hoc|iPhoneSimulator.ActiveCfg = Release|x86
		{0A9AB26B-4F9A-407F-A528-E9199834CF97}.Ad-Hoc|iPhoneSimulator.Build.0 = Release|x86
		{0A9AB26B-4F9A-407F-A528-E9199834CF97}.Ad-Hoc|iPhoneSimulator.Deploy.0 = Release|x86
		{0A9AB26B-4F9A-407F-A528-E9199834CF97}.Ad-Hoc|x64.ActiveCfg = Release|x64
		{0A9AB26B-4F9A-407F-A528-E9199834CF97}.Ad-Hoc|x64.Build.0 = Release|x64
		{0A9AB26B-4F9A-407F-A528-E9199834CF97}.Ad-Hoc|x64.Deploy.0 = Release|x64
		{0A9AB26B-4F9A-407F-A528-E9199834CF97}.Ad-Hoc|x86.ActiveCfg = Release|x86
		{0A9AB26B-4F9A-407F-A528-E9199834CF97}.Ad-Hoc|x86.Build.0 = Release|x86
		{0A9AB26B-4F9A-407F-A528-E9199834CF97}.Ad-Hoc|x86.Deploy.0 = Release|x86
		{0A9AB26B-4F9A-407F-A528-E9199834CF97}.AppStore|Any CPU.ActiveCfg = Release|x86
		{0A9AB26B-4F9A-407F-A528-E9199834CF97}.AppStore|Any CPU.Build.0 = Release|x86
		{0A9AB26B-4F9A-407F-A528-E9199834CF97}.AppStore|Any CPU.Deploy.0 = Release|x86
		{0A9AB26B-4F9A-407F-A528-E9199834CF97}.AppStore|ARM.ActiveCfg = Release|ARM
		{0A9AB26B-4F9A-407F-A528-E9199834CF97}.AppStore|ARM.Build.0 = Release|ARM
		{0A9AB26B-4F9A-407F-A528-E9199834CF97}.AppStore|ARM.Deploy.0 = Release|ARM
		{0A9AB26B-4F9A-407F-A528-E9199834CF97}.AppStore|iPhone.ActiveCfg = Release|x86
		{0A9AB26B-4F9A-407F-A528-E9199834CF97}.AppStore|iPhone.Build.0 = Release|x86
		{0A9AB26B-4F9A-407F-A528-E9199834CF97}.AppStore|iPhone.Deploy.0 = Release|x86
		{0A9AB26B-4F9A-407F-A528-E9199834CF97}.AppStore|iPhoneSimulator.ActiveCfg = Release|x86
		{0A9AB26B-4F9A-407F-A528-E9199834CF97}.AppStore|iPhoneSimulator.Build.0 = Release|x86
		{0A9AB26B-4F9A-407F-A528-E9199834CF97}.AppStore|iPhoneSimulator.Deploy.0 = Release|x86
		{0A9AB26B-4F9A-407F-A528-E9199834CF97}.AppStore|x64.ActiveCfg = Release|x64
		{0A9AB26B-4F9A-407F-A528-E9199834CF97}.AppStore|x64.Build.0 = Release|x64
		{0A9AB26B-4F9A-407F-A528-E9199834CF97}.AppStore|x64.Deploy.0 = Release|x64
		{0A9AB26B-4F9A-407F-A528-E9199834CF97}.AppStore|x86.ActiveCfg = Release|x86
		{0A9AB26B-4F9A-407F-A528-E9199834CF97}.AppStore|x86.Build.0 = Release|x86
		{0A9AB26B-4F9A-407F-A528-E9199834CF97}.AppStore|x86.Deploy.0 = Release|x86
		{0A9AB26B-4F9A-407F-A528-E9199834CF97}.Debug|Any CPU.ActiveCfg = Debug|x86
		{0A9AB26B-4F9A-407F-A528-E9199834CF97}.Debug|ARM.ActiveCfg = Debug|ARM
		{0A9AB26B-4F9A-407F-A528-E9199834CF97}.Debug|ARM.Build.0 = Debug|ARM
		{0A9AB26B-4F9A-407F-A528-E9199834CF97}.Debug|ARM.Deploy.0 = Debug|ARM
		{0A9AB26B-4F9A-407F-A528-E9199834CF97}.Debug|iPhone.ActiveCfg = Debug|x86
		{0A9AB26B-4F9A-407F-A528-E9199834CF97}.Debug|iPhoneSimulator.ActiveCfg = Debug|x86
		{0A9AB26B-4F9A-407F-A528-E9199834CF97}.Debug|x64.ActiveCfg = Debug|x64
		{0A9AB26B-4F9A-407F-A528-E9199834CF97}.Debug|x64.Build.0 = Debug|x64
		{0A9AB26B-4F9A-407F-A528-E9199834CF97}.Debug|x64.Deploy.0 = Debug|x64
		{0A9AB26B-4F9A-407F-A528-E9199834CF97}.Debug|x86.ActiveCfg = Debug|x86
		{0A9AB26B-4F9A-407F-A528-E9199834CF97}.Debug|x86.Build.0 = Debug|x86
		{0A9AB26B-4F9A-407F-A528-E9199834CF97}.Debug|x86.Deploy.0 = Debug|x86
		{0A9AB26B-4F9A-407F-A528-E9199834CF97}.Release|Any CPU.ActiveCfg = Release|x86
		{0A9AB26B-4F9A-407F-A528-E9199834CF97}.Release|ARM.ActiveCfg = Release|ARM
		{0A9AB26B-4F9A-407F-A528-E9199834CF97}.Release|ARM.Build.0 = Release|ARM
		{0A9AB26B-4F9A-407F-A528-E9199834CF97}.Release|ARM.Deploy.0 = Release|ARM
		{0A9AB26B-4F9A-407F-A528-E9199834CF97}.Release|iPhone.ActiveCfg = Release|x86
		{0A9AB26B-4F9A-407F-A528-E9199834CF97}.Release|iPhoneSimulator.ActiveCfg = Release|x86
		{0A9AB26B-4F9A-407F-A528-E9199834CF97}.Release|x64.ActiveCfg = Release|x64
		{0A9AB26B-4F9A-407F-A528-E9199834CF97}.Release|x64.Build.0 = Release|x64
		{0A9AB26B-4F9A-407F-A528-E9199834CF97}.Release|x64.Deploy.0 = Release|x64
		{0A9AB26B-4F9A-407F-A528-E9199834CF97}.Release|x86.ActiveCfg = Release|x86
		{0A9AB26B-4F9A-407F-A528-E9199834CF97}.Release|x86.Build.0 = Release|x86
		{0A9AB26B-4F9A-407F-A528-E9199834CF97}.Release|x86.Deploy.0 = Release|x86
		{F1F1A533-C687-4BC8-AA94-CC1CE925E402}.Ad-Hoc|Any CPU.ActiveCfg = Release|Any CPU
		{F1F1A533-C687-4BC8-AA94-CC1CE925E402}.Ad-Hoc|Any CPU.Build.0 = Release|Any CPU
		{F1F1A533-C687-4BC8-AA94-CC1CE925E402}.Ad-Hoc|Any CPU.Deploy.0 = Release|Any CPU
		{F1F1A533-C687-4BC8-AA94-CC1CE925E402}.Ad-Hoc|ARM.ActiveCfg = Release|ARM
		{F1F1A533-C687-4BC8-AA94-CC1CE925E402}.Ad-Hoc|ARM.Build.0 = Release|ARM
		{F1F1A533-C687-4BC8-AA94-CC1CE925E402}.Ad-Hoc|ARM.Deploy.0 = Release|ARM
		{F1F1A533-C687-4BC8-AA94-CC1CE925E402}.Ad-Hoc|iPhone.ActiveCfg = Release|Any CPU
		{F1F1A533-C687-4BC8-AA94-CC1CE925E402}.Ad-Hoc|iPhone.Build.0 = Release|Any CPU
		{F1F1A533-C687-4BC8-AA94-CC1CE925E402}.Ad-Hoc|iPhone.Deploy.0 = Release|Any CPU
		{F1F1A533-C687-4BC8-AA94-CC1CE925E402}.Ad-Hoc|iPhoneSimulator.ActiveCfg = Release|Any CPU
		{F1F1A533-C687-4BC8-AA94-CC1CE925E402}.Ad-Hoc|iPhoneSimulator.Build.0 = Release|Any CPU
		{F1F1A533-C687-4BC8-AA94-CC1CE925E402}.Ad-Hoc|iPhoneSimulator.Deploy.0 = Release|Any CPU
		{F1F1A533-C687-4BC8-AA94-CC1CE925E402}.Ad-Hoc|x64.ActiveCfg = Release|x64
		{F1F1A533-C687-4BC8-AA94-CC1CE925E402}.Ad-Hoc|x64.Build.0 = Release|x64
		{F1F1A533-C687-4BC8-AA94-CC1CE925E402}.Ad-Hoc|x64.Deploy.0 = Release|x64
		{F1F1A533-C687-4BC8-AA94-CC1CE925E402}.Ad-Hoc|x86.ActiveCfg = Release|x86
		{F1F1A533-C687-4BC8-AA94-CC1CE925E402}.Ad-Hoc|x86.Build.0 = Release|x86
		{F1F1A533-C687-4BC8-AA94-CC1CE925E402}.Ad-Hoc|x86.Deploy.0 = Release|x86
		{F1F1A533-C687-4BC8-AA94-CC1CE925E402}.AppStore|Any CPU.ActiveCfg = Release|Any CPU
		{F1F1A533-C687-4BC8-AA94-CC1CE925E402}.AppStore|Any CPU.Build.0 = Release|Any CPU
		{F1F1A533-C687-4BC8-AA94-CC1CE925E402}.AppStore|Any CPU.Deploy.0 = Release|Any CPU
		{F1F1A533-C687-4BC8-AA94-CC1CE925E402}.AppStore|ARM.ActiveCfg = Release|ARM
		{F1F1A533-C687-4BC8-AA94-CC1CE925E402}.AppStore|ARM.Build.0 = Release|ARM
		{F1F1A533-C687-4BC8-AA94-CC1CE925E402}.AppStore|ARM.Deploy.0 = Release|ARM
		{F1F1A533-C687-4BC8-AA94-CC1CE925E402}.AppStore|iPhone.ActiveCfg = Release|Any CPU
		{F1F1A533-C687-4BC8-AA94-CC1CE925E402}.AppStore|iPhone.Build.0 = Release|Any CPU
		{F1F1A533-C687-4BC8-AA94-CC1CE925E402}.AppStore|iPhone.Deploy.0 = Release|Any CPU
		{F1F1A533-C687-4BC8-AA94-CC1CE925E402}.AppStore|iPhoneSimulator.ActiveCfg = Release|Any CPU
		{F1F1A533-C687-4BC8-AA94-CC1CE925E402}.AppStore|iPhoneSimulator.Build.0 = Release|Any CPU
		{F1F1A533-C687-4BC8-AA94-CC1CE925E402}.AppStore|iPhoneSimulator.Deploy.0 = Release|Any CPU
		{F1F1A533-C687-4BC8-AA94-CC1CE925E402}.AppStore|x64.ActiveCfg = Release|x64
		{F1F1A533-C687-4BC8-AA94-CC1CE925E402}.AppStore|x64.Build.0 = Release|x64
		{F1F1A533-C687-4BC8-AA94-CC1CE925E402}.AppStore|x64.Deploy.0 = Release|x64
		{F1F1A533-C687-4BC8-AA94-CC1CE925E402}.AppStore|x86.ActiveCfg = Release|x86
		{F1F1A533-C687-4BC8-AA94-CC1CE925E402}.AppStore|x86.Build.0 = Release|x86
		{F1F1A533-C687-4BC8-AA94-CC1CE925E402}.AppStore|x86.Deploy.0 = Release|x86
		{F1F1A533-C687-4BC8-AA94-CC1CE925E402}.Debug|Any CPU.ActiveCfg = Debug|Any CPU
		{F1F1A533-C687-4BC8-AA94-CC1CE925E402}.Debug|Any CPU.Build.0 = Debug|Any CPU
		{F1F1A533-C687-4BC8-AA94-CC1CE925E402}.Debug|Any CPU.Deploy.0 = Debug|Any CPU
		{F1F1A533-C687-4BC8-AA94-CC1CE925E402}.Debug|ARM.ActiveCfg = Debug|ARM
		{F1F1A533-C687-4BC8-AA94-CC1CE925E402}.Debug|ARM.Build.0 = Debug|ARM
		{F1F1A533-C687-4BC8-AA94-CC1CE925E402}.Debug|ARM.Deploy.0 = Debug|ARM
		{F1F1A533-C687-4BC8-AA94-CC1CE925E402}.Debug|iPhone.ActiveCfg = Debug|Any CPU
		{F1F1A533-C687-4BC8-AA94-CC1CE925E402}.Debug|iPhone.Build.0 = Debug|Any CPU
		{F1F1A533-C687-4BC8-AA94-CC1CE925E402}.Debug|iPhone.Deploy.0 = Debug|Any CPU
		{F1F1A533-C687-4BC8-AA94-CC1CE925E402}.Debug|iPhoneSimulator.ActiveCfg = Debug|Any CPU
		{F1F1A533-C687-4BC8-AA94-CC1CE925E402}.Debug|iPhoneSimulator.Build.0 = Debug|Any CPU
		{F1F1A533-C687-4BC8-AA94-CC1CE925E402}.Debug|iPhoneSimulator.Deploy.0 = Debug|Any CPU
		{F1F1A533-C687-4BC8-AA94-CC1CE925E402}.Debug|x64.ActiveCfg = Debug|x64
		{F1F1A533-C687-4BC8-AA94-CC1CE925E402}.Debug|x64.Build.0 = Debug|x64
		{F1F1A533-C687-4BC8-AA94-CC1CE925E402}.Debug|x64.Deploy.0 = Debug|x64
		{F1F1A533-C687-4BC8-AA94-CC1CE925E402}.Debug|x86.ActiveCfg = Debug|x86
		{F1F1A533-C687-4BC8-AA94-CC1CE925E402}.Debug|x86.Build.0 = Debug|x86
		{F1F1A533-C687-4BC8-AA94-CC1CE925E402}.Debug|x86.Deploy.0 = Debug|x86
		{F1F1A533-C687-4BC8-AA94-CC1CE925E402}.Release|Any CPU.ActiveCfg = Release|Any CPU
		{F1F1A533-C687-4BC8-AA94-CC1CE925E402}.Release|Any CPU.Build.0 = Release|Any CPU
		{F1F1A533-C687-4BC8-AA94-CC1CE925E402}.Release|Any CPU.Deploy.0 = Release|Any CPU
		{F1F1A533-C687-4BC8-AA94-CC1CE925E402}.Release|ARM.ActiveCfg = Release|ARM
		{F1F1A533-C687-4BC8-AA94-CC1CE925E402}.Release|ARM.Build.0 = Release|ARM
		{F1F1A533-C687-4BC8-AA94-CC1CE925E402}.Release|ARM.Deploy.0 = Release|ARM
		{F1F1A533-C687-4BC8-AA94-CC1CE925E402}.Release|iPhone.ActiveCfg = Release|Any CPU
		{F1F1A533-C687-4BC8-AA94-CC1CE925E402}.Release|iPhone.Build.0 = Release|Any CPU
		{F1F1A533-C687-4BC8-AA94-CC1CE925E402}.Release|iPhone.Deploy.0 = Release|Any CPU
		{F1F1A533-C687-4BC8-AA94-CC1CE925E402}.Release|iPhoneSimulator.ActiveCfg = Release|Any CPU
		{F1F1A533-C687-4BC8-AA94-CC1CE925E402}.Release|iPhoneSimulator.Build.0 = Release|Any CPU
		{F1F1A533-C687-4BC8-AA94-CC1CE925E402}.Release|iPhoneSimulator.Deploy.0 = Release|Any CPU
		{F1F1A533-C687-4BC8-AA94-CC1CE925E402}.Release|x64.ActiveCfg = Release|x64
		{F1F1A533-C687-4BC8-AA94-CC1CE925E402}.Release|x64.Build.0 = Release|x64
		{F1F1A533-C687-4BC8-AA94-CC1CE925E402}.Release|x64.Deploy.0 = Release|x64
		{F1F1A533-C687-4BC8-AA94-CC1CE925E402}.Release|x86.ActiveCfg = Release|x86
		{F1F1A533-C687-4BC8-AA94-CC1CE925E402}.Release|x86.Build.0 = Release|x86
		{F1F1A533-C687-4BC8-AA94-CC1CE925E402}.Release|x86.Deploy.0 = Release|x86
		{D7BA0217-4804-40B5-89FE-7BCED0CABF2B}.Ad-Hoc|Any CPU.ActiveCfg = Release|Any CPU
		{D7BA0217-4804-40B5-89FE-7BCED0CABF2B}.Ad-Hoc|Any CPU.Build.0 = Release|Any CPU
		{D7BA0217-4804-40B5-89FE-7BCED0CABF2B}.Ad-Hoc|ARM.ActiveCfg = Release|Any CPU
		{D7BA0217-4804-40B5-89FE-7BCED0CABF2B}.Ad-Hoc|ARM.Build.0 = Release|Any CPU
		{D7BA0217-4804-40B5-89FE-7BCED0CABF2B}.Ad-Hoc|iPhone.ActiveCfg = Release|Any CPU
		{D7BA0217-4804-40B5-89FE-7BCED0CABF2B}.Ad-Hoc|iPhone.Build.0 = Release|Any CPU
		{D7BA0217-4804-40B5-89FE-7BCED0CABF2B}.Ad-Hoc|iPhoneSimulator.ActiveCfg = Release|Any CPU
		{D7BA0217-4804-40B5-89FE-7BCED0CABF2B}.Ad-Hoc|iPhoneSimulator.Build.0 = Release|Any CPU
		{D7BA0217-4804-40B5-89FE-7BCED0CABF2B}.Ad-Hoc|x64.ActiveCfg = Release|Any CPU
		{D7BA0217-4804-40B5-89FE-7BCED0CABF2B}.Ad-Hoc|x64.Build.0 = Release|Any CPU
		{D7BA0217-4804-40B5-89FE-7BCED0CABF2B}.Ad-Hoc|x86.ActiveCfg = Release|Any CPU
		{D7BA0217-4804-40B5-89FE-7BCED0CABF2B}.Ad-Hoc|x86.Build.0 = Release|Any CPU
		{D7BA0217-4804-40B5-89FE-7BCED0CABF2B}.AppStore|Any CPU.ActiveCfg = Release|Any CPU
		{D7BA0217-4804-40B5-89FE-7BCED0CABF2B}.AppStore|Any CPU.Build.0 = Release|Any CPU
		{D7BA0217-4804-40B5-89FE-7BCED0CABF2B}.AppStore|ARM.ActiveCfg = Release|Any CPU
		{D7BA0217-4804-40B5-89FE-7BCED0CABF2B}.AppStore|ARM.Build.0 = Release|Any CPU
		{D7BA0217-4804-40B5-89FE-7BCED0CABF2B}.AppStore|iPhone.ActiveCfg = Release|Any CPU
		{D7BA0217-4804-40B5-89FE-7BCED0CABF2B}.AppStore|iPhone.Build.0 = Release|Any CPU
		{D7BA0217-4804-40B5-89FE-7BCED0CABF2B}.AppStore|iPhoneSimulator.ActiveCfg = Release|Any CPU
		{D7BA0217-4804-40B5-89FE-7BCED0CABF2B}.AppStore|iPhoneSimulator.Build.0 = Release|Any CPU
		{D7BA0217-4804-40B5-89FE-7BCED0CABF2B}.AppStore|x64.ActiveCfg = Release|Any CPU
		{D7BA0217-4804-40B5-89FE-7BCED0CABF2B}.AppStore|x64.Build.0 = Release|Any CPU
		{D7BA0217-4804-40B5-89FE-7BCED0CABF2B}.AppStore|x86.ActiveCfg = Release|Any CPU
		{D7BA0217-4804-40B5-89FE-7BCED0CABF2B}.AppStore|x86.Build.0 = Release|Any CPU
		{D7BA0217-4804-40B5-89FE-7BCED0CABF2B}.Debug|Any CPU.ActiveCfg = Debug|Any CPU
		{D7BA0217-4804-40B5-89FE-7BCED0CABF2B}.Debug|Any CPU.Build.0 = Debug|Any CPU
		{D7BA0217-4804-40B5-89FE-7BCED0CABF2B}.Debug|ARM.ActiveCfg = Debug|Any CPU
		{D7BA0217-4804-40B5-89FE-7BCED0CABF2B}.Debug|ARM.Build.0 = Debug|Any CPU
		{D7BA0217-4804-40B5-89FE-7BCED0CABF2B}.Debug|iPhone.ActiveCfg = Debug|Any CPU
		{D7BA0217-4804-40B5-89FE-7BCED0CABF2B}.Debug|iPhone.Build.0 = Debug|Any CPU
		{D7BA0217-4804-40B5-89FE-7BCED0CABF2B}.Debug|iPhoneSimulator.ActiveCfg = Debug|Any CPU
		{D7BA0217-4804-40B5-89FE-7BCED0CABF2B}.Debug|iPhoneSimulator.Build.0 = Debug|Any CPU
		{D7BA0217-4804-40B5-89FE-7BCED0CABF2B}.Debug|x64.ActiveCfg = Debug|Any CPU
		{D7BA0217-4804-40B5-89FE-7BCED0CABF2B}.Debug|x64.Build.0 = Debug|Any CPU
		{D7BA0217-4804-40B5-89FE-7BCED0CABF2B}.Debug|x86.ActiveCfg = Debug|Any CPU
		{D7BA0217-4804-40B5-89FE-7BCED0CABF2B}.Debug|x86.Build.0 = Debug|Any CPU
		{D7BA0217-4804-40B5-89FE-7BCED0CABF2B}.Release|Any CPU.ActiveCfg = Release|Any CPU
		{D7BA0217-4804-40B5-89FE-7BCED0CABF2B}.Release|Any CPU.Build.0 = Release|Any CPU
		{D7BA0217-4804-40B5-89FE-7BCED0CABF2B}.Release|ARM.ActiveCfg = Release|Any CPU
		{D7BA0217-4804-40B5-89FE-7BCED0CABF2B}.Release|ARM.Build.0 = Release|Any CPU
		{D7BA0217-4804-40B5-89FE-7BCED0CABF2B}.Release|iPhone.ActiveCfg = Release|Any CPU
		{D7BA0217-4804-40B5-89FE-7BCED0CABF2B}.Release|iPhone.Build.0 = Release|Any CPU
		{D7BA0217-4804-40B5-89FE-7BCED0CABF2B}.Release|iPhoneSimulator.ActiveCfg = Release|Any CPU
		{D7BA0217-4804-40B5-89FE-7BCED0CABF2B}.Release|iPhoneSimulator.Build.0 = Release|Any CPU
		{D7BA0217-4804-40B5-89FE-7BCED0CABF2B}.Release|x64.ActiveCfg = Release|Any CPU
		{D7BA0217-4804-40B5-89FE-7BCED0CABF2B}.Release|x64.Build.0 = Release|Any CPU
		{D7BA0217-4804-40B5-89FE-7BCED0CABF2B}.Release|x86.ActiveCfg = Release|Any CPU
		{D7BA0217-4804-40B5-89FE-7BCED0CABF2B}.Release|x86.Build.0 = Release|Any CPU
	EndGlobalSection
	GlobalSection(SolutionProperties) = preSolution
		HideSolutionNode = FALSE
	EndGlobalSection
EndGlobal
